{
  "requires": true,
  "lockfileVersion": 1,
  "dependencies": {
    "react-firebase-hooks": {
      "version": "5.0.3",
      "resolved": "https://registry.npmjs.org/react-firebase-hooks/-/react-firebase-hooks-5.0.3.tgz",
      "integrity": "sha512-0+V2XwInZJNjW8B2cm+U21Hlv4xnp/1tJqIoDg2rjyWzKTQ9VoLPQ9PAt+fMqPumjLz5uCIREY7YqGSSjc439Q=="
    }
  }
}
